
Microsoft Visual Studio Solution File, Format Version 12.00
# Visual Studio Version 17
VisualStudioVersion = 17.11.35327.3
MinimumVisualStudioVersion = 10.0.40219.1
Project("{9A19103F-16F7-4668-BE54-9A1E7A4F7556}") = "VL.OllamaUtils", "VL.OllamaUtils.csproj", "{DF37CBB2-607B-40DB-88EF-403066E9ABD4}"
EndProject
Global
	GlobalSection(SolutionConfigurationPlatforms) = preSolution
		Debug|Any CPU = Debug|Any CPU
		Release|Any CPU = Release|Any CPU
	EndGlobalSection
	GlobalSection(ProjectConfigurationPlatforms) = postSolution
		{DF37CBB2-607B-40DB-88EF-403066E9ABD4}.Debug|Any CPU.ActiveCfg = Debug|Any CPU
		{DF37CBB2-607B-40DB-88EF-403066E9ABD4}.Debug|Any CPU.Build.0 = Debug|Any CPU
		{DF37CBB2-607B-40DB-88EF-403066E9ABD4}.Release|Any CPU.ActiveCfg = Release|Any CPU
		{DF37CBB2-607B-40DB-88EF-403066E9ABD4}.Release|Any CPU.Build.0 = Release|Any CPU
	EndGlobalSection
	GlobalSection(SolutionProperties) = preSolution
		HideSolutionNode = FALSE
	EndGlobalSection
	GlobalSection(ExtensibilityGlobals) = postSolution
		SolutionGuid = {73051C27-7381-49A2-999E-E22C2FE914E2}
	EndGlobalSection
EndGlobal
